// !$*UTF8*$!
{
	archiveVersion = 1;
	classes = {
	};
	objectVersion = 77;
	objects = {

/* Begin PBXBuildFile section */
		06772EC74D8715D33C3A291C /* SpeechPlayer.swift in Sources */ = {isa = PBXBuildFile; fileRef = A0FA024E7C58B1C444630335 /* SpeechPlayer.swift */; };
		074822323C0229CE7CDAB99F /* ExportFormat.swift in Sources */ = {isa = PBXBuildFile; fileRef = 329DFD61A1C58CDCB8308985 /* ExportFormat.swift */; };
		0BAF04888443E006A48A21C3 /* FormatInspector.swift in Sources */ = {isa = PBXBuildFile; fileRef = 759DD3BD8A73EF77CBC68D3B /* FormatInspector.swift */; };
		0E7C142F7C6D810B36D07DDB /* CreateCardFromClipboardIntent.swift in Sources */ = {isa = PBXBuildFile; fileRef = CD34B9D11B47FE620921ADC5 /* CreateCardFromClipboardIntent.swift */; };
		0FDF1D8627B32007631D1DBE /* AppConfiguration.swift in Sources */ = {isa = PBXBuildFile; fileRef = 83C15804178A10229171AD5A /* AppConfiguration.swift */; };
		15F1B9DE94C4FD210E733C89 /* CardTransfer.swift in Sources */ = {isa = PBXBuildFile; fileRef = 71D0F1A4463465B159806A44 /* CardTransfer.swift */; };
		2619B1AF1EE5FBC29EF746F6 /* VisionServices.swift in Sources */ = {isa = PBXBuildFile; fileRef = FA19F23E992525D2C4099BC2 /* VisionServices.swift */; };
		34465EEB260EDA9E4C8A6038 /* HexColor+Platform.swift in Sources */ = {isa = PBXBuildFile; fileRef = 020422A5E38FD35F5CC8943E /* HexColor+Platform.swift */; };
		3E3056E075F4BD8C7912EE04 /* CardListView.swift in Sources */ = {isa = PBXBuildFile; fileRef = 990C17BF4AE2423230208408 /* CardListView.swift */; };
		3E37FA1E0785853F2890EB69 /* ReportingBuilderUITests.swift in Sources */ = {isa = PBXBuildFile; fileRef = D8DD6D9B52DD51DFDD5573F4 /* ReportingBuilderUITests.swift */; };
		3F1C6D215D507810625F82AE /* PasteboardWriter.swift in Sources */ = {isa = PBXBuildFile; fileRef = 519EB7F79A3FB45F9D903836 /* PasteboardWriter.swift */; };
		3FB1698DDD15AD3E33FBFC93 /* EditableCardView.swift in Sources */ = {isa = PBXBuildFile; fileRef = D1B209DD2AC641C8F9A61FFC /* EditableCardView.swift */; };
		40E2B1FA152ED6F736DAA0DF /* FilePanels.swift in Sources */ = {isa = PBXBuildFile; fileRef = 72C6974E944249B2B13CE8C0 /* FilePanels.swift */; };
		4738325D871CA8697B924241 /* OpenAICompatibleAssistant.swift in Sources */ = {isa = PBXBuildFile; fileRef = 2B98597613FFFBCD18860696 /* OpenAICompatibleAssistant.swift */; };
		49B8E312E0293F0BBC200137 /* DropIngestor.swift in Sources */ = {isa = PBXBuildFile; fileRef = B1FF55F80244D35091FB5685 /* DropIngestor.swift */; };
		4D5456147D5B125AF6C6E1ED /* CardStore.swift in Sources */ = {isa = PBXBuildFile; fileRef = 0C101E211C182A7EFCE5C75E /* CardStore.swift */; };
		5A00123740B05BD5D9DFF433 /* ExportTests.swift in Sources */ = {isa = PBXBuildFile; fileRef = 36C24CADC1074D758C16DBB9 /* ExportTests.swift */; };
		5AF0A6EF39D49300AEC9F442 /* CardView.swift in Sources */ = {isa = PBXBuildFile; fileRef = F9AAB70ED053764836B7F87E /* CardView.swift */; };
		608A2A48490E2ADE8F85030B /* CardStoreTests.swift in Sources */ = {isa = PBXBuildFile; fileRef = BF412A392D6AB499B6EE7C8C /* CardStoreTests.swift */; };
		65BA769149E334572EB0271E /* CardPersistence.swift in Sources */ = {isa = PBXBuildFile; fileRef = A88122C584E807888691EC5C /* CardPersistence.swift */; };
		6FC3FF583FE7EC7F946FA48A /* ReportingBuilderApp.swift in Sources */ = {isa = PBXBuildFile; fileRef = 866CA78270089F8510CD3DBF /* ReportingBuilderApp.swift */; };
		7F9A7D4E077C4B4098FEC336 /* BlockInspectorSections.swift in Sources */ = {isa = PBXBuildFile; fileRef = 6D1E8671A4ED4ED2BAA91C05 /* BlockInspectorSections.swift */; };
		919452DAEEBC5A32B3A7D94D /* WindowLayout.swift in Sources */ = {isa = PBXBuildFile; fileRef = 9018086F09ACEADA7DAB0F7C /* WindowLayout.swift */; };
		91D4122E53763655D49C1D7F /* PDFCardComposer.swift in Sources */ = {isa = PBXBuildFile; fileRef = 999970DAB1A7AD34F5410D7A /* PDFCardComposer.swift */; };
		934AF8CDDF306C44E4EC06FC /* UserPreferences.swift in Sources */ = {isa = PBXBuildFile; fileRef = FD8C5BF85EB394AE1A173D83 /* UserPreferences.swift */; };
		9F692B185BF9A50C360AA056 /* AccessibilityInspector.swift in Sources */ = {isa = PBXBuildFile; fileRef = E291C77C2E2724BBB4ECE20F /* AccessibilityInspector.swift */; };
		9F75406CD36C253A66C475A2 /* ReportCore in Frameworks */ = {isa = PBXBuildFile; productRef = D5D29DA89349BA766BF9A0CA /* ReportCore */; };
		A23E549A801B4F29B090F158 /* StubAssistant.swift in Sources */ = {isa = PBXBuildFile; fileRef = FB8F8B2DCA7984C6C332FA8B /* StubAssistant.swift */; };
		A5DA34BF3E0A8FBA84333DF3 /* CanvasView.swift in Sources */ = {isa = PBXBuildFile; fileRef = 0556D1AE77770F2E8BB28C9B /* CanvasView.swift */; };
		AEBE466A266218BE18D3F440 /* AssistantSettings.swift in Sources */ = {isa = PBXBuildFile; fileRef = 172A2253CF7F84573CD8255A /* AssistantSettings.swift */; };
		AFB4428093C52252EC00641B /* CardStyle.swift in Sources */ = {isa = PBXBuildFile; fileRef = 2F668BCF911D9683113BE4D4 /* CardStyle.swift */; };
		B1EBEDD5CB892418623B1C63 /* PasteIngestor.swift in Sources */ = {isa = PBXBuildFile; fileRef = E7B7E0561499335D9988DC2F /* PasteIngestor.swift */; };
		B21A42E584145D501A4A7F10 /* SecretStore.swift in Sources */ = {isa = PBXBuildFile; fileRef = 2E9C6ED18FDFFBB9D54C620E /* SecretStore.swift */; };
		B468B5DA2137A93FF4A3B31E /* Localizable.xcstrings in Resources */ = {isa = PBXBuildFile; fileRef = E89B3CDD747947EBB8092FB6 /* Localizable.xcstrings */; };
		B49E46743AECC0D2F1691CF6 /* AssistantService.swift in Sources */ = {isa = PBXBuildFile; fileRef = 02BE950DD3BAA9809D73A10E /* AssistantService.swift */; };
		B71A56D612F7CEB61B4DC30D /* Assets.xcassets in Resources */ = {isa = PBXBuildFile; fileRef = CCBEC9B0B672ACC0EAB89DD3 /* Assets.xcassets */; };
		B771B5CCE3FF72CAF93703A9 /* AccessibilityFeatureTests.swift in Sources */ = {isa = PBXBuildFile; fileRef = 521FF443BFBE49230C683462 /* AccessibilityFeatureTests.swift */; };
		BC3B818D11DE4D9CD6B8CB4F /* MainWindow.swift in Sources */ = {isa = PBXBuildFile; fileRef = 3B79F6B19378E714A8124DCA /* MainWindow.swift */; };
		BCEE8EAC7DE8C12E4F9E8EEB /* TextAssistant.swift in Sources */ = {isa = PBXBuildFile; fileRef = EFEB57CE3647BF9507E3E4B3 /* TextAssistant.swift */; };
		BEC85EA912C5D67D57E79A75 /* AttributedCardRenderer.swift in Sources */ = {isa = PBXBuildFile; fileRef = D5CF34BD46540EB2059BC7CA /* AttributedCardRenderer.swift */; };
		C180F679774484E48FF51A1C /* sample-burndown.png in Resources */ = {isa = PBXBuildFile; fileRef = BE2BEAB605A702D3301831E5 /* sample-burndown.png */; };
		C38EAF26E5F2CF0E5D51F8B4 /* ReportCore in Frameworks */ = {isa = PBXBuildFile; productRef = B162A48AB98C8ADD0E8631D9 /* ReportCore */; };
		C8556702CA66365C2D678073 /* WorkspaceState.swift in Sources */ = {isa = PBXBuildFile; fileRef = 006A5716046384432F9E8EC6 /* WorkspaceState.swift */; };
		D01D9382BB490585212A07D6 /* CardExporter.swift in Sources */ = {isa = PBXBuildFile; fileRef = CDCC3A011CB1391100E4AD13 /* CardExporter.swift */; };
		D4A5722204B36075261546BE /* TrendAudioGraph.swift in Sources */ = {isa = PBXBuildFile; fileRef = 64BF7D8BB17D68D994631EBC /* TrendAudioGraph.swift */; };
		D937A82BFB76BCF120BB1CD2 /* OnDeviceAssistant.swift in Sources */ = {isa = PBXBuildFile; fileRef = 66FC30F6B981F781CCD9537E /* OnDeviceAssistant.swift */; };
		DA32849BEB4DA02991D02285 /* SettingsView.swift in Sources */ = {isa = PBXBuildFile; fileRef = 25A9976AE5417D4973AC8969 /* SettingsView.swift */; };
		DD83EB424B6C4129E1CF1070 /* NoticeBanner.swift in Sources */ = {isa = PBXBuildFile; fileRef = 9A7E10FD06EF5F1B77251290 /* NoticeBanner.swift */; };
		E2E11C582F3DE745BDC8E23E /* VisionSimulation.swift in Sources */ = {isa = PBXBuildFile; fileRef = 7B68756513C9F51907E319C4 /* VisionSimulation.swift */; };
		E3BBFD46FE6989A303124205 /* RefineSection.swift in Sources */ = {isa = PBXBuildFile; fileRef = 4B5DC1AC6D617FDF00326841 /* RefineSection.swift */; };
		E88CDDFBDA8B4C3C4252991D /* MetricsImportSheet.swift in Sources */ = {isa = PBXBuildFile; fileRef = B94851F173B50C442A20CDDB /* MetricsImportSheet.swift */; };
		EB9801CF38531E8F4FC0B0E6 /* EditableBlocks.swift in Sources */ = {isa = PBXBuildFile; fileRef = 28F6CF728FA15F7DD9E0E3BB /* EditableBlocks.swift */; };
		EDCADC9B60FBDE4FCA224429 /* DraftFromNotesSheet.swift in Sources */ = {isa = PBXBuildFile; fileRef = 3F096A6E1E10F362435CF20D /* DraftFromNotesSheet.swift */; };
		EEF873EC1A2468F9A7B494BD /* IngestionTests.swift in Sources */ = {isa = PBXBuildFile; fileRef = 39184F1419CE6CF749633ED3 /* IngestionTests.swift */; };
		F0CCC1F9B847B2CF15707680 /* ImageImport.swift in Sources */ = {isa = PBXBuildFile; fileRef = 56CAF95D464EF4A1CBE76F6D /* ImageImport.swift */; };
		F4032DAAB2B029E310013003 /* AssistantTests.swift in Sources */ = {isa = PBXBuildFile; fileRef = 914FDBCD6787C8ED6BA28F17 /* AssistantTests.swift */; };
		F4C19BC72E252A40CB701D56 /* SampleContent.swift in Sources */ = {isa = PBXBuildFile; fileRef = 5203386CF453CFE331B8EBE9 /* SampleContent.swift */; };
		F79A0780A7D1C39ACF301AB4 /* CardCommands.swift in Sources */ = {isa = PBXBuildFile; fileRef = 0E31ECDADAE2EA828B0F41F9 /* CardCommands.swift */; };
/* End PBXBuildFile section */

/* Begin PBXContainerItemProxy section */
		3493D67AC3B67123FDCABCCC /* PBXContainerItemProxy */ = {
			isa = PBXContainerItemProxy;
			containerPortal = B861D56187AE0110C027F7E8 /* Project object */;
			proxyType = 1;
			remoteGlobalIDString = 326805F5F8302C29C05B35CB;
			remoteInfo = ReportingBuilder;
		};
		9DBF58A377002BB439DA58E0 /* PBXContainerItemProxy */ = {
			isa = PBXContainerItemProxy;
			containerPortal = B861D56187AE0110C027F7E8 /* Project object */;
			proxyType = 1;
			remoteGlobalIDString = 326805F5F8302C29C05B35CB;
			remoteInfo = ReportingBuilder;
		};
/* End PBXContainerItemProxy section */

/* Begin PBXFileReference section */
		006A5716046384432F9E8EC6 /* WorkspaceState.swift */ = {isa = PBXFileReference; lastKnownFileType = sourcecode.swift; path = WorkspaceState.swift; sourceTree = "<group>"; };
		01290059111F2CBC954452D5 /* Release.xcconfig */ = {isa = PBXFileReference; lastKnownFileType = text.xcconfig; path = Release.xcconfig; sourceTree = "<group>"; };
		020422A5E38FD35F5CC8943E /* HexColor+Platform.swift */ = {isa = PBXFileReference; lastKnownFileType = sourcecode.swift; path = "HexColor+Platform.swift"; sourceTree = "<group>"; };
		02BE950DD3BAA9809D73A10E /* AssistantService.swift */ = {isa = PBXFileReference; lastKnownFileType = sourcecode.swift; path = AssistantService.swift; sourceTree = "<group>"; };
		0556D1AE77770F2E8BB28C9B /* CanvasView.swift */ = {isa = PBXFileReference; lastKnownFileType = sourcecode.swift; path = CanvasView.swift; sourceTree = "<group>"; };
		0C101E211C182A7EFCE5C75E /* CardStore.swift */ = {isa = PBXFileReference; lastKnownFileType = sourcecode.swift; path = CardStore.swift; sourceTree = "<group>"; };
		0E31ECDADAE2EA828B0F41F9 /* CardCommands.swift */ = {isa = PBXFileReference; lastKnownFileType = sourcecode.swift; path = CardCommands.swift; sourceTree = "<group>"; };
		172A2253CF7F84573CD8255A /* AssistantSettings.swift */ = {isa = PBXFileReference; lastKnownFileType = sourcecode.swift; path = AssistantSettings.swift; sourceTree = "<group>"; };
		17B181019589E353C7A12167 /* Debug.xcconfig */ = {isa = PBXFileReference; lastKnownFileType = text.xcconfig; path = Debug.xcconfig; sourceTree = "<group>"; };
		1AB6DB3393321BB24B24E5CC /* ReportingBuilder.app */ = {isa = PBXFileReference; explicitFileType = wrapper.application; includeInIndex = 0; path = ReportingBuilder.app; sourceTree = BUILT_PRODUCTS_DIR; };
		235063EB851E6ACCAAB720A9 /* ReportingBuilderTests.xctest */ = {isa = PBXFileReference; explicitFileType = wrapper.cfbundle; includeInIndex = 0; path = ReportingBuilderTests.xctest; sourceTree = BUILT_PRODUCTS_DIR; };
		25A9976AE5417D4973AC8969 /* SettingsView.swift */ = {isa = PBXFileReference; lastKnownFileType = sourcecode.swift; path = SettingsView.swift; sourceTree = "<group>"; };
		28F6CF728FA15F7DD9E0E3BB /* EditableBlocks.swift */ = {isa = PBXFileReference; lastKnownFileType = sourcecode.swift; path = EditableBlocks.swift; sourceTree = "<group>"; };
		2B98597613FFFBCD18860696 /* OpenAICompatibleAssistant.swift */ = {isa = PBXFileReference; lastKnownFileType = sourcecode.swift; path = OpenAICompatibleAssistant.swift; sourceTree = "<group>"; };
		2E9C6ED18FDFFBB9D54C620E /* SecretStore.swift */ = {isa = PBXFileReference; lastKnownFileType = sourcecode.swift; path = SecretStore.swift; sourceTree = "<group>"; };
		2F668BCF911D9683113BE4D4 /* CardStyle.swift */ = {isa = PBXFileReference; lastKnownFileType = sourcecode.swift; path = CardStyle.swift; sourceTree = "<group>"; };
		313BBAF3AD43C6E1B5C1DA3E /* Info.plist */ = {isa = PBXFileReference; lastKnownFileType = text.plist; path = Info.plist; sourceTree = "<group>"; };
		329DFD61A1C58CDCB8308985 /* ExportFormat.swift */ = {isa = PBXFileReference; lastKnownFileType = sourcecode.swift; path = ExportFormat.swift; sourceTree = "<group>"; };
		36C24CADC1074D758C16DBB9 /* ExportTests.swift */ = {isa = PBXFileReference; lastKnownFileType = sourcecode.swift; path = ExportTests.swift; sourceTree = "<group>"; };
		39184F1419CE6CF749633ED3 /* IngestionTests.swift */ = {isa = PBXFileReference; lastKnownFileType = sourcecode.swift; path = IngestionTests.swift; sourceTree = "<group>"; };
		3B79F6B19378E714A8124DCA /* MainWindow.swift */ = {isa = PBXFileReference; lastKnownFileType = sourcecode.swift; path = MainWindow.swift; sourceTree = "<group>"; };
		3F096A6E1E10F362435CF20D /* DraftFromNotesSheet.swift */ = {isa = PBXFileReference; lastKnownFileType = sourcecode.swift; path = DraftFromNotesSheet.swift; sourceTree = "<group>"; };
		4B5DC1AC6D617FDF00326841 /* RefineSection.swift */ = {isa = PBXFileReference; lastKnownFileType = sourcecode.swift; path = RefineSection.swift; sourceTree = "<group>"; };
		503861582E82B18D133ECEC0 /* ReportCore */ = {isa = PBXFileReference; lastKnownFileType = folder; name = ReportCore; path = Packages/ReportCore; sourceTree = SOURCE_ROOT; };
		519EB7F79A3FB45F9D903836 /* PasteboardWriter.swift */ = {isa = PBXFileReference; lastKnownFileType = sourcecode.swift; path = PasteboardWriter.swift; sourceTree = "<group>"; };
		5203386CF453CFE331B8EBE9 /* SampleContent.swift */ = {isa = PBXFileReference; lastKnownFileType = sourcecode.swift; path = SampleContent.swift; sourceTree = "<group>"; };
		521FF443BFBE49230C683462 /* AccessibilityFeatureTests.swift */ = {isa = PBXFileReference; lastKnownFileType = sourcecode.swift; path = AccessibilityFeatureTests.swift; sourceTree = "<group>"; };
		56CAF95D464EF4A1CBE76F6D /* ImageImport.swift */ = {isa = PBXFileReference; lastKnownFileType = sourcecode.swift; path = ImageImport.swift; sourceTree = "<group>"; };
		5ECE947B8E2342A102C03E5E /* ReportingBuilder.entitlements */ = {isa = PBXFileReference; lastKnownFileType = text.plist.entitlements; path = ReportingBuilder.entitlements; sourceTree = "<group>"; };
		62C060B3F8C6FADE361D7190 /* ReportingBuilderUITests.xctest */ = {isa = PBXFileReference; explicitFileType = wrapper.cfbundle; includeInIndex = 0; path = ReportingBuilderUITests.xctest; sourceTree = BUILT_PRODUCTS_DIR; };
		64BF7D8BB17D68D994631EBC /* TrendAudioGraph.swift */ = {isa = PBXFileReference; lastKnownFileType = sourcecode.swift; path = TrendAudioGraph.swift; sourceTree = "<group>"; };
		66FC30F6B981F781CCD9537E /* OnDeviceAssistant.swift */ = {isa = PBXFileReference; lastKnownFileType = sourcecode.swift; path = OnDeviceAssistant.swift; sourceTree = "<group>"; };
		6D1E8671A4ED4ED2BAA91C05 /* BlockInspectorSections.swift */ = {isa = PBXFileReference; lastKnownFileType = sourcecode.swift; path = BlockInspectorSections.swift; sourceTree = "<group>"; };
		71D0F1A4463465B159806A44 /* CardTransfer.swift */ = {isa = PBXFileReference; lastKnownFileType = sourcecode.swift; path = CardTransfer.swift; sourceTree = "<group>"; };
		72C6974E944249B2B13CE8C0 /* FilePanels.swift */ = {isa = PBXFileReference; lastKnownFileType = sourcecode.swift; path = FilePanels.swift; sourceTree = "<group>"; };
		759DD3BD8A73EF77CBC68D3B /* FormatInspector.swift */ = {isa = PBXFileReference; lastKnownFileType = sourcecode.swift; path = FormatInspector.swift; sourceTree = "<group>"; };
		7B68756513C9F51907E319C4 /* VisionSimulation.swift */ = {isa = PBXFileReference; lastKnownFileType = sourcecode.swift; path = VisionSimulation.swift; sourceTree = "<group>"; };
		83C15804178A10229171AD5A /* AppConfiguration.swift */ = {isa = PBXFileReference; lastKnownFileType = sourcecode.swift; path = AppConfiguration.swift; sourceTree = "<group>"; };
		866CA78270089F8510CD3DBF /* ReportingBuilderApp.swift */ = {isa = PBXFileReference; lastKnownFileType = sourcecode.swift; path = ReportingBuilderApp.swift; sourceTree = "<group>"; };
		9018086F09ACEADA7DAB0F7C /* WindowLayout.swift */ = {isa = PBXFileReference; lastKnownFileType = sourcecode.swift; path = WindowLayout.swift; sourceTree = "<group>"; };
		914FDBCD6787C8ED6BA28F17 /* AssistantTests.swift */ = {isa = PBXFileReference; lastKnownFileType = sourcecode.swift; path = AssistantTests.swift; sourceTree = "<group>"; };
		990C17BF4AE2423230208408 /* CardListView.swift */ = {isa = PBXFileReference; lastKnownFileType = sourcecode.swift; path = CardListView.swift; sourceTree = "<group>"; };
		999970DAB1A7AD34F5410D7A /* PDFCardComposer.swift */ = {isa = PBXFileReference; lastKnownFileType = sourcecode.swift; path = PDFCardComposer.swift; sourceTree = "<group>"; };
		9A7E10FD06EF5F1B77251290 /* NoticeBanner.swift */ = {isa = PBXFileReference; lastKnownFileType = sourcecode.swift; path = NoticeBanner.swift; sourceTree = "<group>"; };
		A0FA024E7C58B1C444630335 /* SpeechPlayer.swift */ = {isa = PBXFileReference; lastKnownFileType = sourcecode.swift; path = SpeechPlayer.swift; sourceTree = "<group>"; };
		A88122C584E807888691EC5C /* CardPersistence.swift */ = {isa = PBXFileReference; lastKnownFileType = sourcecode.swift; path = CardPersistence.swift; sourceTree = "<group>"; };
		B1FF55F80244D35091FB5685 /* DropIngestor.swift */ = {isa = PBXFileReference; lastKnownFileType = sourcecode.swift; path = DropIngestor.swift; sourceTree = "<group>"; };
		B94851F173B50C442A20CDDB /* MetricsImportSheet.swift */ = {isa = PBXFileReference; lastKnownFileType = sourcecode.swift; path = MetricsImportSheet.swift; sourceTree = "<group>"; };
		BE2BEAB605A702D3301831E5 /* sample-burndown.png */ = {isa = PBXFileReference; lastKnownFileType = image.png; path = "sample-burndown.png"; sourceTree = "<group>"; };
		BF412A392D6AB499B6EE7C8C /* CardStoreTests.swift */ = {isa = PBXFileReference; lastKnownFileType = sourcecode.swift; path = CardStoreTests.swift; sourceTree = "<group>"; };
		CCBEC9B0B672ACC0EAB89DD3 /* Assets.xcassets */ = {isa = PBXFileReference; lastKnownFileType = folder.assetcatalog; path = Assets.xcassets; sourceTree = "<group>"; };
		CD34B9D11B47FE620921ADC5 /* CreateCardFromClipboardIntent.swift */ = {isa = PBXFileReference; lastKnownFileType = sourcecode.swift; path = CreateCardFromClipboardIntent.swift; sourceTree = "<group>"; };
		CDCC3A011CB1391100E4AD13 /* CardExporter.swift */ = {isa = PBXFileReference; lastKnownFileType = sourcecode.swift; path = CardExporter.swift; sourceTree = "<group>"; };
		D1B209DD2AC641C8F9A61FFC /* EditableCardView.swift */ = {isa = PBXFileReference; lastKnownFileType = sourcecode.swift; path = EditableCardView.swift; sourceTree = "<group>"; };
		D5CF34BD46540EB2059BC7CA /* AttributedCardRenderer.swift */ = {isa = PBXFileReference; lastKnownFileType = sourcecode.swift; path = AttributedCardRenderer.swift; sourceTree = "<group>"; };
		D8DD6D9B52DD51DFDD5573F4 /* ReportingBuilderUITests.swift */ = {isa = PBXFileReference; lastKnownFileType = sourcecode.swift; path = ReportingBuilderUITests.swift; sourceTree = "<group>"; };
		E291C77C2E2724BBB4ECE20F /* AccessibilityInspector.swift */ = {isa = PBXFileReference; lastKnownFileType = sourcecode.swift; path = AccessibilityInspector.swift; sourceTree = "<group>"; };
		E7B7E0561499335D9988DC2F /* PasteIngestor.swift */ = {isa = PBXFileReference; lastKnownFileType = sourcecode.swift; path = PasteIngestor.swift; sourceTree = "<group>"; };
		E89B3CDD747947EBB8092FB6 /* Localizable.xcstrings */ = {isa = PBXFileReference; lastKnownFileType = text.json.xcstrings; path = Localizable.xcstrings; sourceTree = "<group>"; };
		EFEB57CE3647BF9507E3E4B3 /* TextAssistant.swift */ = {isa = PBXFileReference; lastKnownFileType = sourcecode.swift; path = TextAssistant.swift; sourceTree = "<group>"; };
		F9AAB70ED053764836B7F87E /* CardView.swift */ = {isa = PBXFileReference; lastKnownFileType = sourcecode.swift; path = CardView.swift; sourceTree = "<group>"; };
		FA19F23E992525D2C4099BC2 /* VisionServices.swift */ = {isa = PBXFileReference; lastKnownFileType = sourcecode.swift; path = VisionServices.swift; sourceTree = "<group>"; };
		FB8F8B2DCA7984C6C332FA8B /* StubAssistant.swift */ = {isa = PBXFileReference; lastKnownFileType = sourcecode.swift; path = StubAssistant.swift; sourceTree = "<group>"; };
		FD8C5BF85EB394AE1A173D83 /* UserPreferences.swift */ = {isa = PBXFileReference; lastKnownFileType = sourcecode.swift; path = UserPreferences.swift; sourceTree = "<group>"; };
/* End PBXFileReference section */

/* Begin PBXFrameworksBuildPhase section */
		2264D57082860BF214843A31 /* Frameworks */ = {
			isa = PBXFrameworksBuildPhase;
			buildActionMask = 2147483647;
			files = (
				C38EAF26E5F2CF0E5D51F8B4 /* ReportCore in Frameworks */,
			);
			runOnlyForDeploymentPostprocessing = 0;
		};
		932C51399EF2442867442E81 /* Frameworks */ = {
			isa = PBXFrameworksBuildPhase;
			buildActionMask = 2147483647;
			files = (
				9F75406CD36C253A66C475A2 /* ReportCore in Frameworks */,
			);
			runOnlyForDeploymentPostprocessing = 0;
		};
/* End PBXFrameworksBuildPhase section */

/* Begin PBXGroup section */
		196B7C8BFBF56C5E00F3E2AC /* Accessibility */ = {
			isa = PBXGroup;
			children = (
				A0FA024E7C58B1C444630335 /* SpeechPlayer.swift */,
				64BF7D8BB17D68D994631EBC /* TrendAudioGraph.swift */,
				7B68756513C9F51907E319C4 /* VisionSimulation.swift */,
			);
			path = Accessibility;
			sourceTree = "<group>";
		};
		2A3BD77A3B294B8BAB7D0DA6 /* Ingestion */ = {
			isa = PBXGroup;
			children = (
				B1FF55F80244D35091FB5685 /* DropIngestor.swift */,
				56CAF95D464EF4A1CBE76F6D /* ImageImport.swift */,
				E7B7E0561499335D9988DC2F /* PasteIngestor.swift */,
				FA19F23E992525D2C4099BC2 /* VisionServices.swift */,
			);
			path = Ingestion;
			sourceTree = "<group>";
		};
		2B0D4D2C381AF49EA12D1874 /* App */ = {
			isa = PBXGroup;
			children = (
				196B7C8BFBF56C5E00F3E2AC /* Accessibility */,
				853B7B07B39A879A634628E7 /* Assistant */,
				5882A5E9293CB27BB8DC0C21 /* Config */,
				91E41196F6E64F12987543E5 /* Export */,
				2A3BD77A3B294B8BAB7D0DA6 /* Ingestion */,
				8176A5ECEB81D41F3E7229FD /* Intents */,
				AC937F135334B9292959CF64 /* Resources */,
				8230CEA62DF3ACDFFA82AEE5 /* Store */,
				F0B0765115E8A09B3F2D88F2 /* Support */,
				2F5E024E9486633B4B2AF21D /* Views */,
				641E0E1E0066AADAF9B3FBAF /* Workspace */,
				313BBAF3AD43C6E1B5C1DA3E /* Info.plist */,
				5ECE947B8E2342A102C03E5E /* ReportingBuilder.entitlements */,
				866CA78270089F8510CD3DBF /* ReportingBuilderApp.swift */,
			);
			path = App;
			sourceTree = "<group>";
		};
		2F5E024E9486633B4B2AF21D /* Views */ = {
			isa = PBXGroup;
			children = (
				646509A9564E5A718CAE7CCE /* Canvas */,
				308EE54C48BD05FC7ABD0B66 /* Card */,
				5D817542D0156C0D46EB31B0 /* Components */,
				5C857D1A5518BE66EB5BF858 /* Inspector */,
				B189F8EA9C7788FCAF5CAC6B /* Settings */,
				362C5EC2710A495894500272 /* Sheets */,
				D382B02FB1446A39B4F32C91 /* Sidebar */,
				3B79F6B19378E714A8124DCA /* MainWindow.swift */,
			);
			path = Views;
			sourceTree = "<group>";
		};
		308EE54C48BD05FC7ABD0B66 /* Card */ = {
			isa = PBXGroup;
			children = (
				2F668BCF911D9683113BE4D4 /* CardStyle.swift */,
				F9AAB70ED053764836B7F87E /* CardView.swift */,
			);
			path = Card;
			sourceTree = "<group>";
		};
		362C5EC2710A495894500272 /* Sheets */ = {
			isa = PBXGroup;
			children = (
				3F096A6E1E10F362435CF20D /* DraftFromNotesSheet.swift */,
				B94851F173B50C442A20CDDB /* MetricsImportSheet.swift */,
			);
			path = Sheets;
			sourceTree = "<group>";
		};
		3DABCAC9C822868E73D28829 = {
			isa = PBXGroup;
			children = (
				2B0D4D2C381AF49EA12D1874 /* App */,
				A868CA66E0A584774A18B57E /* Config */,
				64E6EA9BC920B4D7745ADD02 /* Packages */,
				D5C814A26444251385E064C6 /* Tests */,
				9B836264FB2D391EBD4217B3 /* Products */,
			);
			sourceTree = "<group>";
		};
		5882A5E9293CB27BB8DC0C21 /* Config */ = {
			isa = PBXGroup;
			children = (
				83C15804178A10229171AD5A /* AppConfiguration.swift */,
				FD8C5BF85EB394AE1A173D83 /* UserPreferences.swift */,
			);
			path = Config;
			sourceTree = "<group>";
		};
		5C857D1A5518BE66EB5BF858 /* Inspector */ = {
			isa = PBXGroup;
			children = (
				E291C77C2E2724BBB4ECE20F /* AccessibilityInspector.swift */,
				6D1E8671A4ED4ED2BAA91C05 /* BlockInspectorSections.swift */,
				759DD3BD8A73EF77CBC68D3B /* FormatInspector.swift */,
				4B5DC1AC6D617FDF00326841 /* RefineSection.swift */,
			);
			path = Inspector;
			sourceTree = "<group>";
		};
		5D817542D0156C0D46EB31B0 /* Components */ = {
			isa = PBXGroup;
			children = (
				9A7E10FD06EF5F1B77251290 /* NoticeBanner.swift */,
			);
			path = Components;
			sourceTree = "<group>";
		};
		641E0E1E0066AADAF9B3FBAF /* Workspace */ = {
			isa = PBXGroup;
			children = (
				0E31ECDADAE2EA828B0F41F9 /* CardCommands.swift */,
				72C6974E944249B2B13CE8C0 /* FilePanels.swift */,
				9018086F09ACEADA7DAB0F7C /* WindowLayout.swift */,
				006A5716046384432F9E8EC6 /* WorkspaceState.swift */,
			);
			path = Workspace;
			sourceTree = "<group>";
		};
		646509A9564E5A718CAE7CCE /* Canvas */ = {
			isa = PBXGroup;
			children = (
				0556D1AE77770F2E8BB28C9B /* CanvasView.swift */,
				28F6CF728FA15F7DD9E0E3BB /* EditableBlocks.swift */,
				D1B209DD2AC641C8F9A61FFC /* EditableCardView.swift */,
			);
			path = Canvas;
			sourceTree = "<group>";
		};
		64E6EA9BC920B4D7745ADD02 /* Packages */ = {
			isa = PBXGroup;
			children = (
				503861582E82B18D133ECEC0 /* ReportCore */,
			);
			path = Packages;
			sourceTree = "<group>";
		};
		8176A5ECEB81D41F3E7229FD /* Intents */ = {
			isa = PBXGroup;
			children = (
				CD34B9D11B47FE620921ADC5 /* CreateCardFromClipboardIntent.swift */,
			);
			path = Intents;
			sourceTree = "<group>";
		};
		8230CEA62DF3ACDFFA82AEE5 /* Store */ = {
			isa = PBXGroup;
			children = (
				A88122C584E807888691EC5C /* CardPersistence.swift */,
				0C101E211C182A7EFCE5C75E /* CardStore.swift */,
				5203386CF453CFE331B8EBE9 /* SampleContent.swift */,
			);
			path = Store;
			sourceTree = "<group>";
		};
		853B7B07B39A879A634628E7 /* Assistant */ = {
			isa = PBXGroup;
			children = (
				02BE950DD3BAA9809D73A10E /* AssistantService.swift */,
				172A2253CF7F84573CD8255A /* AssistantSettings.swift */,
				66FC30F6B981F781CCD9537E /* OnDeviceAssistant.swift */,
				2B98597613FFFBCD18860696 /* OpenAICompatibleAssistant.swift */,
				2E9C6ED18FDFFBB9D54C620E /* SecretStore.swift */,
				FB8F8B2DCA7984C6C332FA8B /* StubAssistant.swift */,
				EFEB57CE3647BF9507E3E4B3 /* TextAssistant.swift */,
			);
			path = Assistant;
			sourceTree = "<group>";
		};
		8DD56DA80202C993B33AFAAF /* AppTests */ = {
			isa = PBXGroup;
			children = (
				521FF443BFBE49230C683462 /* AccessibilityFeatureTests.swift */,
				914FDBCD6787C8ED6BA28F17 /* AssistantTests.swift */,
				BF412A392D6AB499B6EE7C8C /* CardStoreTests.swift */,
				36C24CADC1074D758C16DBB9 /* ExportTests.swift */,
				39184F1419CE6CF749633ED3 /* IngestionTests.swift */,
			);
			path = AppTests;
			sourceTree = "<group>";
		};
		91E41196F6E64F12987543E5 /* Export */ = {
			isa = PBXGroup;
			children = (
				D5CF34BD46540EB2059BC7CA /* AttributedCardRenderer.swift */,
				CDCC3A011CB1391100E4AD13 /* CardExporter.swift */,
				71D0F1A4463465B159806A44 /* CardTransfer.swift */,
				329DFD61A1C58CDCB8308985 /* ExportFormat.swift */,
				519EB7F79A3FB45F9D903836 /* PasteboardWriter.swift */,
				999970DAB1A7AD34F5410D7A /* PDFCardComposer.swift */,
			);
			path = Export;
			sourceTree = "<group>";
		};
		9B836264FB2D391EBD4217B3 /* Products */ = {
			isa = PBXGroup;
			children = (
				1AB6DB3393321BB24B24E5CC /* ReportingBuilder.app */,
				235063EB851E6ACCAAB720A9 /* ReportingBuilderTests.xctest */,
				62C060B3F8C6FADE361D7190 /* ReportingBuilderUITests.xctest */,
			);
			name = Products;
			sourceTree = "<group>";
		};
		A868CA66E0A584774A18B57E /* Config */ = {
			isa = PBXGroup;
			children = (
				17B181019589E353C7A12167 /* Debug.xcconfig */,
				01290059111F2CBC954452D5 /* Release.xcconfig */,
			);
			path = Config;
			sourceTree = "<group>";
		};
		AC937F135334B9292959CF64 /* Resources */ = {
			isa = PBXGroup;
			children = (
				CCBEC9B0B672ACC0EAB89DD3 /* Assets.xcassets */,
				E89B3CDD747947EBB8092FB6 /* Localizable.xcstrings */,
				BE2BEAB605A702D3301831E5 /* sample-burndown.png */,
			);
			path = Resources;
			sourceTree = "<group>";
		};
		B189F8EA9C7788FCAF5CAC6B /* Settings */ = {
			isa = PBXGroup;
			children = (
				25A9976AE5417D4973AC8969 /* SettingsView.swift */,
			);
			path = Settings;
			sourceTree = "<group>";
		};
		D382B02FB1446A39B4F32C91 /* Sidebar */ = {
			isa = PBXGroup;
			children = (
				990C17BF4AE2423230208408 /* CardListView.swift */,
			);
			path = Sidebar;
			sourceTree = "<group>";
		};
		D5C814A26444251385E064C6 /* Tests */ = {
			isa = PBXGroup;
			children = (
				8DD56DA80202C993B33AFAAF /* AppTests */,
				E3B1F2F529E00F379FDAED79 /* AppUITests */,
			);
			path = Tests;
			sourceTree = "<group>";
		};
		E3B1F2F529E00F379FDAED79 /* AppUITests */ = {
			isa = PBXGroup;
			children = (
				D8DD6D9B52DD51DFDD5573F4 /* ReportingBuilderUITests.swift */,
			);
			path = AppUITests;
			sourceTree = "<group>";
		};
		F0B0765115E8A09B3F2D88F2 /* Support */ = {
			isa = PBXGroup;
			children = (
				020422A5E38FD35F5CC8943E /* HexColor+Platform.swift */,
			);
			path = Support;
			sourceTree = "<group>";
		};
/* End PBXGroup section */

/* Begin PBXNativeTarget section */
		326805F5F8302C29C05B35CB /* ReportingBuilder */ = {
			isa = PBXNativeTarget;
			buildConfigurationList = 35E278E62B3A44DC8FB9CB7A /* Build configuration list for PBXNativeTarget "ReportingBuilder" */;
			buildPhases = (
				5097188F67260AD3B0D86D38 /* Sources */,
				9F607D7397A05643F6CA6D49 /* Resources */,
				2264D57082860BF214843A31 /* Frameworks */,
			);
			buildRules = (
			);
			dependencies = (
			);
			name = ReportingBuilder;
			packageProductDependencies = (
				B162A48AB98C8ADD0E8631D9 /* ReportCore */,
			);
			productName = ReportingBuilder;
			productReference = 1AB6DB3393321BB24B24E5CC /* ReportingBuilder.app */;
			productType = "com.apple.product-type.application";
		};
		3F962965BD591F5BA1E63269 /* ReportingBuilderUITests */ = {
			isa = PBXNativeTarget;
			buildConfigurationList = 90BE282EFCCAF97849C833D4 /* Build configuration list for PBXNativeTarget "ReportingBuilderUITests" */;
			buildPhases = (
				FB60A9BCF1E684C818059BC2 /* Sources */,
			);
			buildRules = (
			);
			dependencies = (
				F796761C7BCF66080554C0B4 /* PBXTargetDependency */,
			);
			name = ReportingBuilderUITests;
			packageProductDependencies = (
			);
			productName = ReportingBuilderUITests;
			productReference = 62C060B3F8C6FADE361D7190 /* ReportingBuilderUITests.xctest */;
			productType = "com.apple.product-type.bundle.ui-testing";
		};
		741BF19205212E6AC82AF76F /* ReportingBuilderTests */ = {
			isa = PBXNativeTarget;
			buildConfigurationList = ACF889CEA831183A73F57CB4 /* Build configuration list for PBXNativeTarget "ReportingBuilderTests" */;
			buildPhases = (
				B8873427FB2D3F240083D2C3 /* Sources */,
				932C51399EF2442867442E81 /* Frameworks */,
			);
			buildRules = (
			);
			dependencies = (
				7E4E0390790F6AE2C15D965D /* PBXTargetDependency */,
			);
			name = ReportingBuilderTests;
			packageProductDependencies = (
				D5D29DA89349BA766BF9A0CA /* ReportCore */,
			);
			productName = ReportingBuilderTests;
			productReference = 235063EB851E6ACCAAB720A9 /* ReportingBuilderTests.xctest */;
			productType = "com.apple.product-type.bundle.unit-test";
		};
/* End PBXNativeTarget section */

/* Begin PBXProject section */
		B861D56187AE0110C027F7E8 /* Project object */ = {
			isa = PBXProject;
			attributes = {
				BuildIndependentTargetsInParallel = YES;
				LastUpgradeCheck = 2600;
				TargetAttributes = {
					326805F5F8302C29C05B35CB = {
						ProvisioningStyle = Automatic;
					};
					3F962965BD591F5BA1E63269 = {
						TestTargetID = 326805F5F8302C29C05B35CB;
					};
				};
			};
			buildConfigurationList = 21C2BB01ED0B4D04D9CFC7F7 /* Build configuration list for PBXProject "ReportingBuilder" */;
			developmentRegion = en;
			hasScannedForEncodings = 0;
			knownRegions = (
				Base,
				en,
			);
			mainGroup = 3DABCAC9C822868E73D28829;
			minimizedProjectReferenceProxies = 1;
			packageReferences = (
				1B19F20956E419576973C9EC /* XCLocalSwiftPackageReference "Packages/ReportCore" */,
			);
			preferredProjectObjectVersion = 77;
			productRefGroup = 9B836264FB2D391EBD4217B3 /* Products */;
			projectDirPath = "";
			projectRoot = "";
			targets = (
				326805F5F8302C29C05B35CB /* ReportingBuilder */,
				741BF19205212E6AC82AF76F /* ReportingBuilderTests */,
				3F962965BD591F5BA1E63269 /* ReportingBuilderUITests */,
			);
		};
/* End PBXProject section */

/* Begin PBXResourcesBuildPhase section */
		9F607D7397A05643F6CA6D49 /* Resources */ = {
			isa = PBXResourcesBuildPhase;
			buildActionMask = 2147483647;
			files = (
				B71A56D612F7CEB61B4DC30D /* Assets.xcassets in Resources */,
				B468B5DA2137A93FF4A3B31E /* Localizable.xcstrings in Resources */,
				C180F679774484E48FF51A1C /* sample-burndown.png in Resources */,
			);
			runOnlyForDeploymentPostprocessing = 0;
		};
/* End PBXResourcesBuildPhase section */

/* Begin PBXSourcesBuildPhase section */
		5097188F67260AD3B0D86D38 /* Sources */ = {
			isa = PBXSourcesBuildPhase;
			buildActionMask = 2147483647;
			files = (
				9F692B185BF9A50C360AA056 /* AccessibilityInspector.swift in Sources */,
				0FDF1D8627B32007631D1DBE /* AppConfiguration.swift in Sources */,
				B49E46743AECC0D2F1691CF6 /* AssistantService.swift in Sources */,
				AEBE466A266218BE18D3F440 /* AssistantSettings.swift in Sources */,
				BEC85EA912C5D67D57E79A75 /* AttributedCardRenderer.swift in Sources */,
				7F9A7D4E077C4B4098FEC336 /* BlockInspectorSections.swift in Sources */,
				A5DA34BF3E0A8FBA84333DF3 /* CanvasView.swift in Sources */,
				F79A0780A7D1C39ACF301AB4 /* CardCommands.swift in Sources */,
				D01D9382BB490585212A07D6 /* CardExporter.swift in Sources */,
				3E3056E075F4BD8C7912EE04 /* CardListView.swift in Sources */,
				65BA769149E334572EB0271E /* CardPersistence.swift in Sources */,
				4D5456147D5B125AF6C6E1ED /* CardStore.swift in Sources */,
				AFB4428093C52252EC00641B /* CardStyle.swift in Sources */,
				15F1B9DE94C4FD210E733C89 /* CardTransfer.swift in Sources */,
				5AF0A6EF39D49300AEC9F442 /* CardView.swift in Sources */,
				0E7C142F7C6D810B36D07DDB /* CreateCardFromClipboardIntent.swift in Sources */,
				EDCADC9B60FBDE4FCA224429 /* DraftFromNotesSheet.swift in Sources */,
				49B8E312E0293F0BBC200137 /* DropIngestor.swift in Sources */,
				EB9801CF38531E8F4FC0B0E6 /* EditableBlocks.swift in Sources */,
				3FB1698DDD15AD3E33FBFC93 /* EditableCardView.swift in Sources */,
				074822323C0229CE7CDAB99F /* ExportFormat.swift in Sources */,
				40E2B1FA152ED6F736DAA0DF /* FilePanels.swift in Sources */,
				0BAF04888443E006A48A21C3 /* FormatInspector.swift in Sources */,
				34465EEB260EDA9E4C8A6038 /* HexColor+Platform.swift in Sources */,
				F0CCC1F9B847B2CF15707680 /* ImageImport.swift in Sources */,
				BC3B818D11DE4D9CD6B8CB4F /* MainWindow.swift in Sources */,
				E88CDDFBDA8B4C3C4252991D /* MetricsImportSheet.swift in Sources */,
				DD83EB424B6C4129E1CF1070 /* NoticeBanner.swift in Sources */,
				D937A82BFB76BCF120BB1CD2 /* OnDeviceAssistant.swift in Sources */,
				4738325D871CA8697B924241 /* OpenAICompatibleAssistant.swift in Sources */,
				91D4122E53763655D49C1D7F /* PDFCardComposer.swift in Sources */,
				B1EBEDD5CB892418623B1C63 /* PasteIngestor.swift in Sources */,
				3F1C6D215D507810625F82AE /* PasteboardWriter.swift in Sources */,
				E3BBFD46FE6989A303124205 /* RefineSection.swift in Sources */,
				6FC3FF583FE7EC7F946FA48A /* ReportingBuilderApp.swift in Sources */,
				F4C19BC72E252A40CB701D56 /* SampleContent.swift in Sources */,
				B21A42E584145D501A4A7F10 /* SecretStore.swift in Sources */,
				DA32849BEB4DA02991D02285 /* SettingsView.swift in Sources */,
				06772EC74D8715D33C3A291C /* SpeechPlayer.swift in Sources */,
				A23E549A801B4F29B090F158 /* StubAssistant.swift in Sources */,
				BCEE8EAC7DE8C12E4F9E8EEB /* TextAssistant.swift in Sources */,
				D4A5722204B36075261546BE /* TrendAudioGraph.swift in Sources */,
				934AF8CDDF306C44E4EC06FC /* UserPreferences.swift in Sources */,
				2619B1AF1EE5FBC29EF746F6 /* VisionServices.swift in Sources */,
				E2E11C582F3DE745BDC8E23E /* VisionSimulation.swift in Sources */,
				919452DAEEBC5A32B3A7D94D /* WindowLayout.swift in Sources */,
				C8556702CA66365C2D678073 /* WorkspaceState.swift in Sources */,
			);
			runOnlyForDeploymentPostprocessing = 0;
		};
		B8873427FB2D3F240083D2C3 /* Sources */ = {
			isa = PBXSourcesBuildPhase;
			buildActionMask = 2147483647;
			files = (
				B771B5CCE3FF72CAF93703A9 /* AccessibilityFeatureTests.swift in Sources */,
				F4032DAAB2B029E310013003 /* AssistantTests.swift in Sources */,
				608A2A48490E2ADE8F85030B /* CardStoreTests.swift in Sources */,
				5A00123740B05BD5D9DFF433 /* ExportTests.swift in Sources */,
				EEF873EC1A2468F9A7B494BD /* IngestionTests.swift in Sources */,
			);
			runOnlyForDeploymentPostprocessing = 0;
		};
		FB60A9BCF1E684C818059BC2 /* Sources */ = {
			isa = PBXSourcesBuildPhase;
			buildActionMask = 2147483647;
			files = (
				3E37FA1E0785853F2890EB69 /* ReportingBuilderUITests.swift in Sources */,
			);
			runOnlyForDeploymentPostprocessing = 0;
		};
/* End PBXSourcesBuildPhase section */

/* Begin PBXTargetDependency section */
		7E4E0390790F6AE2C15D965D /* PBXTargetDependency */ = {
			isa = PBXTargetDependency;
			target = 326805F5F8302C29C05B35CB /* ReportingBuilder */;
			targetProxy = 9DBF58A377002BB439DA58E0 /* PBXContainerItemProxy */;
		};
		F796761C7BCF66080554C0B4 /* PBXTargetDependency */ = {
			isa = PBXTargetDependency;
			target = 326805F5F8302C29C05B35CB /* ReportingBuilder */;
			targetProxy = 3493D67AC3B67123FDCABCCC /* PBXContainerItemProxy */;
		};
/* End PBXTargetDependency section */

/* Begin XCBuildConfiguration section */
		2B7DABEF880C87B067FCDD4A /* Debug */ = {
			isa = XCBuildConfiguration;
			baseConfigurationReference = 17B181019589E353C7A12167 /* Debug.xcconfig */;
			buildSettings = {
				ALWAYS_SEARCH_USER_PATHS = NO;
				CLANG_ANALYZER_NONNULL = YES;
				CLANG_ANALYZER_NUMBER_OBJECT_CONVERSION = YES_AGGRESSIVE;
				CLANG_CXX_LANGUAGE_STANDARD = "gnu++14";
				CLANG_CXX_LIBRARY = "libc++";
				CLANG_ENABLE_MODULES = YES;
				CLANG_ENABLE_OBJC_ARC = YES;
				CLANG_ENABLE_OBJC_WEAK = YES;
				CLANG_WARN_BLOCK_CAPTURE_AUTORELEASING = YES;
				CLANG_WARN_BOOL_CONVERSION = YES;
				CLANG_WARN_COMMA = YES;
				CLANG_WARN_CONSTANT_CONVERSION = YES;
				CLANG_WARN_DEPRECATED_OBJC_IMPLEMENTATIONS = YES;
				CLANG_WARN_DIRECT_OBJC_ISA_USAGE = YES_ERROR;
				CLANG_WARN_DOCUMENTATION_COMMENTS = YES;
				CLANG_WARN_EMPTY_BODY = YES;
				CLANG_WARN_ENUM_CONVERSION = YES;
				CLANG_WARN_INFINITE_RECURSION = YES;
				CLANG_WARN_INT_CONVERSION = YES;
				CLANG_WARN_NON_LITERAL_NULL_CONVERSION = YES;
				CLANG_WARN_OBJC_IMPLICIT_RETAIN_SELF = YES;
				CLANG_WARN_OBJC_LITERAL_CONVERSION = YES;
				CLANG_WARN_OBJC_ROOT_CLASS = YES_ERROR;
				CLANG_WARN_QUOTED_INCLUDE_IN_FRAMEWORK_HEADER = YES;
				CLANG_WARN_RANGE_LOOP_ANALYSIS = YES;
				CLANG_WARN_STRICT_PROTOTYPES = YES;
				CLANG_WARN_SUSPICIOUS_MOVE = YES;
				CLANG_WARN_UNGUARDED_AVAILABILITY = YES_AGGRESSIVE;
				CLANG_WARN_UNREACHABLE_CODE = YES;
				CLANG_WARN__DUPLICATE_METHOD_MATCH = YES;
				COPY_PHASE_STRIP = NO;
				DEAD_CODE_STRIPPING = YES;
				ENABLE_STRICT_OBJC_MSGSEND = YES;
				ENABLE_USER_SCRIPT_SANDBOXING = YES;
				GCC_C_LANGUAGE_STANDARD = gnu11;
				GCC_DYNAMIC_NO_PIC = NO;
				GCC_NO_COMMON_BLOCKS = YES;
				GCC_OPTIMIZATION_LEVEL = 0;
				GCC_PREPROCESSOR_DEFINITIONS = (
					"$(inherited)",
					"DEBUG=1",
				);
				GCC_TREAT_WARNINGS_AS_ERRORS = NO;
				GCC_WARN_64_TO_32_BIT_CONVERSION = YES;
				GCC_WARN_ABOUT_RETURN_TYPE = YES_ERROR;
				GCC_WARN_UNDECLARED_SELECTOR = YES;
				GCC_WARN_UNINITIALIZED_AUTOS = YES_AGGRESSIVE;
				GCC_WARN_UNUSED_FUNCTION = YES;
				GCC_WARN_UNUSED_VARIABLE = YES;
				LOCALIZATION_PREFERS_STRING_CATALOGS = YES;
				MTL_ENABLE_DEBUG_INFO = INCLUDE_SOURCE;
				MTL_FAST_MATH = YES;
				ONLY_ACTIVE_ARCH = YES;
				PRODUCT_NAME = "$(TARGET_NAME)";
				SDKROOT = macosx;
				SWIFT_APPROACHABLE_CONCURRENCY = YES;
				SWIFT_EMIT_LOC_STRINGS = YES;
				SWIFT_STRICT_CONCURRENCY = complete;
				SWIFT_TREAT_WARNINGS_AS_ERRORS = NO;
				SWIFT_UPCOMING_FEATURE_EXISTENTIAL_ANY = YES;
				SWIFT_VERSION = 6.0;
			};
			name = Debug;
		};
		51408D5B60EF0C25068F18DD /* Release */ = {
			isa = XCBuildConfiguration;
			buildSettings = {
				BUNDLE_LOADER = "$(TEST_HOST)";
				CODE_SIGN_IDENTITY = "-";
				COMBINE_HIDPI_IMAGES = YES;
				GENERATE_INFOPLIST_FILE = YES;
				LD_RUNPATH_SEARCH_PATHS = (
					"$(inherited)",
					"@executable_path/../Frameworks",
					"@loader_path/../Frameworks",
				);
				PRODUCT_BUNDLE_IDENTIFIER = com.tonywen.reportingbuilder.tests;
				SDKROOT = macosx;
				TEST_HOST = "$(BUILT_PRODUCTS_DIR)/ReportingBuilder.app/Contents/MacOS/ReportingBuilder";
			};
			name = Release;
		};
		6460CDC34983DCCCEF599F36 /* Debug */ = {
			isa = XCBuildConfiguration;
			buildSettings = {
				BUNDLE_LOADER = "$(TEST_HOST)";
				CODE_SIGN_IDENTITY = "-";
				COMBINE_HIDPI_IMAGES = YES;
				GENERATE_INFOPLIST_FILE = YES;
				LD_RUNPATH_SEARCH_PATHS = (
					"$(inherited)",
					"@executable_path/Frameworks",
					"@loader_path/Frameworks",
				);
				PRODUCT_BUNDLE_IDENTIFIER = com.tonywen.reportingbuilder.uitests;
				SDKROOT = macosx;
				TEST_TARGET_NAME = ReportingBuilder;
			};
			name = Debug;
		};
		8B6E912113837B78B9DF3BE9 /* Release */ = {
			isa = XCBuildConfiguration;
			buildSettings = {
				ASSETCATALOG_COMPILER_APPICON_NAME = AppIcon;
				ASSETCATALOG_COMPILER_GLOBAL_ACCENT_COLOR_NAME = AccentColor;
				CODE_SIGN_ENTITLEMENTS = App/ReportingBuilder.entitlements;
				CODE_SIGN_IDENTITY = "-";
				CODE_SIGN_STYLE = Automatic;
				COMBINE_HIDPI_IMAGES = YES;
				ENABLE_HARDENED_RUNTIME = YES;
				ENABLE_PREVIEWS = YES;
				GENERATE_INFOPLIST_FILE = NO;
				INFOPLIST_FILE = App/Info.plist;
				LD_RUNPATH_SEARCH_PATHS = (
					"$(inherited)",
					"@executable_path/../Frameworks",
				);
				PRODUCT_BUNDLE_IDENTIFIER = com.tonywen.reportingbuilder;
				PRODUCT_NAME = ReportingBuilder;
				SDKROOT = macosx;
			};
			name = Release;
		};
		9874261BCB43F98269389A84 /* Release */ = {
			isa = XCBuildConfiguration;
			baseConfigurationReference = 01290059111F2CBC954452D5 /* Release.xcconfig */;
			buildSettings = {
				ALWAYS_SEARCH_USER_PATHS = NO;
				CLANG_ANALYZER_NONNULL = YES;
				CLANG_ANALYZER_NUMBER_OBJECT_CONVERSION = YES_AGGRESSIVE;
				CLANG_CXX_LANGUAGE_STANDARD = "gnu++14";
				CLANG_CXX_LIBRARY = "libc++";
				CLANG_ENABLE_MODULES = YES;
				CLANG_ENABLE_OBJC_ARC = YES;
				CLANG_ENABLE_OBJC_WEAK = YES;
				CLANG_WARN_BLOCK_CAPTURE_AUTORELEASING = YES;
				CLANG_WARN_BOOL_CONVERSION = YES;
				CLANG_WARN_COMMA = YES;
				CLANG_WARN_CONSTANT_CONVERSION = YES;
				CLANG_WARN_DEPRECATED_OBJC_IMPLEMENTATIONS = YES;
				CLANG_WARN_DIRECT_OBJC_ISA_USAGE = YES_ERROR;
				CLANG_WARN_DOCUMENTATION_COMMENTS = YES;
				CLANG_WARN_EMPTY_BODY = YES;
				CLANG_WARN_ENUM_CONVERSION = YES;
				CLANG_WARN_INFINITE_RECURSION = YES;
				CLANG_WARN_INT_CONVERSION = YES;
				CLANG_WARN_NON_LITERAL_NULL_CONVERSION = YES;
				CLANG_WARN_OBJC_IMPLICIT_RETAIN_SELF = YES;
				CLANG_WARN_OBJC_LITERAL_CONVERSION = YES;
				CLANG_WARN_OBJC_ROOT_CLASS = YES_ERROR;
				CLANG_WARN_QUOTED_INCLUDE_IN_FRAMEWORK_HEADER = YES;
				CLANG_WARN_RANGE_LOOP_ANALYSIS = YES;
				CLANG_WARN_STRICT_PROTOTYPES = YES;
				CLANG_WARN_SUSPICIOUS_MOVE = YES;
				CLANG_WARN_UNGUARDED_AVAILABILITY = YES_AGGRESSIVE;
				CLANG_WARN_UNREACHABLE_CODE = YES;
				CLANG_WARN__DUPLICATE_METHOD_MATCH = YES;
				COPY_PHASE_STRIP = NO;
				DEAD_CODE_STRIPPING = YES;
				ENABLE_NS_ASSERTIONS = NO;
				ENABLE_STRICT_OBJC_MSGSEND = YES;
				ENABLE_USER_SCRIPT_SANDBOXING = YES;
				GCC_C_LANGUAGE_STANDARD = gnu11;
				GCC_NO_COMMON_BLOCKS = YES;
				GCC_TREAT_WARNINGS_AS_ERRORS = NO;
				GCC_WARN_64_TO_32_BIT_CONVERSION = YES;
				GCC_WARN_ABOUT_RETURN_TYPE = YES_ERROR;
				GCC_WARN_UNDECLARED_SELECTOR = YES;
				GCC_WARN_UNINITIALIZED_AUTOS = YES_AGGRESSIVE;
				GCC_WARN_UNUSED_FUNCTION = YES;
				GCC_WARN_UNUSED_VARIABLE = YES;
				LOCALIZATION_PREFERS_STRING_CATALOGS = YES;
				MTL_ENABLE_DEBUG_INFO = NO;
				MTL_FAST_MATH = YES;
				PRODUCT_NAME = "$(TARGET_NAME)";
				SDKROOT = macosx;
				SWIFT_APPROACHABLE_CONCURRENCY = YES;
				SWIFT_EMIT_LOC_STRINGS = YES;
				SWIFT_STRICT_CONCURRENCY = complete;
				SWIFT_TREAT_WARNINGS_AS_ERRORS = NO;
				SWIFT_UPCOMING_FEATURE_EXISTENTIAL_ANY = YES;
				SWIFT_VERSION = 6.0;
			};
			name = Release;
		};
		9EC6BE6B5ABB480F6C153DBF /* Debug */ = {
			isa = XCBuildConfiguration;
			buildSettings = {
				BUNDLE_LOADER = "$(TEST_HOST)";
				CODE_SIGN_IDENTITY = "-";
				COMBINE_HIDPI_IMAGES = YES;
				GENERATE_INFOPLIST_FILE = YES;
				LD_RUNPATH_SEARCH_PATHS = (
					"$(inherited)",
					"@executable_path/../Frameworks",
					"@loader_path/../Frameworks",
				);
				PRODUCT_BUNDLE_IDENTIFIER = com.tonywen.reportingbuilder.tests;
				SDKROOT = macosx;
				TEST_HOST = "$(BUILT_PRODUCTS_DIR)/ReportingBuilder.app/Contents/MacOS/ReportingBuilder";
			};
			name = Debug;
		};
		C169E5AB77DBD04F966B0A7D /* Release */ = {
			isa = XCBuildConfiguration;
			buildSettings = {
				BUNDLE_LOADER = "$(TEST_HOST)";
				CODE_SIGN_IDENTITY = "-";
				COMBINE_HIDPI_IMAGES = YES;
				GENERATE_INFOPLIST_FILE = YES;
				LD_RUNPATH_SEARCH_PATHS = (
					"$(inherited)",
					"@executable_path/Frameworks",
					"@loader_path/Frameworks",
				);
				PRODUCT_BUNDLE_IDENTIFIER = com.tonywen.reportingbuilder.uitests;
				SDKROOT = macosx;
				TEST_TARGET_NAME = ReportingBuilder;
			};
			name = Release;
		};
		D0714BA32CE01E199BBA473F /* Debug */ = {
			isa = XCBuildConfiguration;
			buildSettings = {
				ASSETCATALOG_COMPILER_APPICON_NAME = AppIcon;
				ASSETCATALOG_COMPILER_GLOBAL_ACCENT_COLOR_NAME = AccentColor;
				CODE_SIGN_ENTITLEMENTS = App/ReportingBuilder.entitlements;
				CODE_SIGN_IDENTITY = "-";
				CODE_SIGN_STYLE = Automatic;
				COMBINE_HIDPI_IMAGES = YES;
				ENABLE_HARDENED_RUNTIME = YES;
				ENABLE_PREVIEWS = YES;
				GENERATE_INFOPLIST_FILE = NO;
				INFOPLIST_FILE = App/Info.plist;
				LD_RUNPATH_SEARCH_PATHS = (
					"$(inherited)",
					"@executable_path/../Frameworks",
				);
				PRODUCT_BUNDLE_IDENTIFIER = com.tonywen.reportingbuilder;
				PRODUCT_NAME = ReportingBuilder;
				SDKROOT = macosx;
			};
			name = Debug;
		};
/* End XCBuildConfiguration section */

/* Begin XCConfigurationList section */
		21C2BB01ED0B4D04D9CFC7F7 /* Build configuration list for PBXProject "ReportingBuilder" */ = {
			isa = XCConfigurationList;
			buildConfigurations = (
				2B7DABEF880C87B067FCDD4A /* Debug */,
				9874261BCB43F98269389A84 /* Release */,
			);
			defaultConfigurationIsVisible = 0;
			defaultConfigurationName = Debug;
		};
		35E278E62B3A44DC8FB9CB7A /* Build configuration list for PBXNativeTarget "ReportingBuilder" */ = {
			isa = XCConfigurationList;
			buildConfigurations = (
				D0714BA32CE01E199BBA473F /* Debug */,
				8B6E912113837B78B9DF3BE9 /* Release */,
			);
			defaultConfigurationIsVisible = 0;
			defaultConfigurationName = Debug;
		};
		90BE282EFCCAF97849C833D4 /* Build configuration list for PBXNativeTarget "ReportingBuilderUITests" */ = {
			isa = XCConfigurationList;
			buildConfigurations = (
				6460CDC34983DCCCEF599F36 /* Debug */,
				C169E5AB77DBD04F966B0A7D /* Release */,
			);
			defaultConfigurationIsVisible = 0;
			defaultConfigurationName = Debug;
		};
		ACF889CEA831183A73F57CB4 /* Build configuration list for PBXNativeTarget "ReportingBuilderTests" */ = {
			isa = XCConfigurationList;
			buildConfigurations = (
				9EC6BE6B5ABB480F6C153DBF /* Debug */,
				51408D5B60EF0C25068F18DD /* Release */,
			);
			defaultConfigurationIsVisible = 0;
			defaultConfigurationName = Debug;
		};
/* End XCConfigurationList section */

/* Begin XCLocalSwiftPackageReference section */
		1B19F20956E419576973C9EC /* XCLocalSwiftPackageReference "Packages/ReportCore" */ = {
			isa = XCLocalSwiftPackageReference;
			relativePath = Packages/ReportCore;
		};
/* End XCLocalSwiftPackageReference section */

/* Begin XCSwiftPackageProductDependency section */
		B162A48AB98C8ADD0E8631D9 /* ReportCore */ = {
			isa = XCSwiftPackageProductDependency;
			productName = ReportCore;
		};
		D5D29DA89349BA766BF9A0CA /* ReportCore */ = {
			isa = XCSwiftPackageProductDependency;
			productName = ReportCore;
		};
/* End XCSwiftPackageProductDependency section */
	};
	rootObject = B861D56187AE0110C027F7E8 /* Project object */;
}
